
Microsoft Visual Studio Solution File, Format Version 12.00
# Visual Studio 15
VisualStudioVersion = 15.0.28010.2041
MinimumVisualStudioVersion = 10.0.40219.1
Project("{9A19103F-16F7-4668-BE54-9A1E7A4F7556}") = "xubras.get.band.api", "xubras.get.band.api\xubras.get.band.api.csproj", "{7941017E-1B1D-4E19-9F72-6E982906329F}"
EndProject
Project("{9A19103F-16F7-4668-BE54-9A1E7A4F7556}") = "xubras.get.band.domain", "xubras.get.band.domain\xubras.get.band.domain.csproj", "{3573F8A0-5740-4605-B274-7DAD5A9F00DF}"
EndProject
Project("{FAE04EC0-301F-11D3-BF4B-00C04F79EFBC}") = "xubras.get.band.ui", "xubras.get.band.ui\xubras.get.band.ui.csproj", "{D68DF65E-8C10-496A-BC98-44BA2A9FCC0B}"
EndProject
Project("{FAE04EC0-301F-11D3-BF4B-00C04F79EFBC}") = "xubras.get.band.data", "xubras.get.band.data\xubras.get.band.data.csproj", "{33C2504E-A6AD-45B4-AD14-8D71398761FF}"
EndProject
Project("{FAE04EC0-301F-11D3-BF4B-00C04F79EFBC}") = "xubras.get.band.tests", "xubras.get.band.tests\xubras.get.band.tests.csproj", "{EB9318B4-2679-4796-8192-F0C2855D1A5B}"
EndProject
Project("{FAE04EC0-301F-11D3-BF4B-00C04F79EFBC}") = "xubras.globalization", "xubras.globalization\xubras.globalization.csproj", "{59DDBDC2-EF33-418E-8804-2D71355D4CD5}"
EndProject
Global
	GlobalSection(SolutionConfigurationPlatforms) = preSolution
		Debug|Any CPU = Debug|Any CPU
		Release|Any CPU = Release|Any CPU
	EndGlobalSection
	GlobalSection(ProjectConfigurationPlatforms) = postSolution
		{7941017E-1B1D-4E19-9F72-6E982906329F}.Debug|Any CPU.ActiveCfg = Debug|Any CPU
		{7941017E-1B1D-4E19-9F72-6E982906329F}.Debug|Any CPU.Build.0 = Debug|Any CPU
		{7941017E-1B1D-4E19-9F72-6E982906329F}.Release|Any CPU.ActiveCfg = Release|Any CPU
		{7941017E-1B1D-4E19-9F72-6E982906329F}.Release|Any CPU.Build.0 = Release|Any CPU
		{3573F8A0-5740-4605-B274-7DAD5A9F00DF}.Debug|Any CPU.ActiveCfg = Debug|Any CPU
		{3573F8A0-5740-4605-B274-7DAD5A9F00DF}.Debug|Any CPU.Build.0 = Debug|Any CPU
		{3573F8A0-5740-4605-B274-7DAD5A9F00DF}.Release|Any CPU.ActiveCfg = Release|Any CPU
		{3573F8A0-5740-4605-B274-7DAD5A9F00DF}.Release|Any CPU.Build.0 = Release|Any CPU
		{D68DF65E-8C10-496A-BC98-44BA2A9FCC0B}.Debug|Any CPU.ActiveCfg = Debug|Any CPU
		{D68DF65E-8C10-496A-BC98-44BA2A9FCC0B}.Debug|Any CPU.Build.0 = Debug|Any CPU
		{D68DF65E-8C10-496A-BC98-44BA2A9FCC0B}.Release|Any CPU.ActiveCfg = Release|Any CPU
		{D68DF65E-8C10-496A-BC98-44BA2A9FCC0B}.Release|Any CPU.Build.0 = Release|Any CPU
		{33C2504E-A6AD-45B4-AD14-8D71398761FF}.Debug|Any CPU.ActiveCfg = Debug|Any CPU
		{33C2504E-A6AD-45B4-AD14-8D71398761FF}.Debug|Any CPU.Build.0 = Debug|Any CPU
		{33C2504E-A6AD-45B4-AD14-8D71398761FF}.Release|Any CPU.ActiveCfg = Release|Any CPU
		{33C2504E-A6AD-45B4-AD14-8D71398761FF}.Release|Any CPU.Build.0 = Release|Any CPU
		{EB9318B4-2679-4796-8192-F0C2855D1A5B}.Debug|Any CPU.ActiveCfg = Debug|Any CPU
		{EB9318B4-2679-4796-8192-F0C2855D1A5B}.Debug|Any CPU.Build.0 = Debug|Any CPU
		{EB9318B4-2679-4796-8192-F0C2855D1A5B}.Release|Any CPU.ActiveCfg = Release|Any CPU
		{EB9318B4-2679-4796-8192-F0C2855D1A5B}.Release|Any CPU.Build.0 = Release|Any CPU
		{59DDBDC2-EF33-418E-8804-2D71355D4CD5}.Debug|Any CPU.ActiveCfg = Debug|Any CPU
		{59DDBDC2-EF33-418E-8804-2D71355D4CD5}.Debug|Any CPU.Build.0 = Debug|Any CPU
		{59DDBDC2-EF33-418E-8804-2D71355D4CD5}.Release|Any CPU.ActiveCfg = Release|Any CPU
		{59DDBDC2-EF33-418E-8804-2D71355D4CD5}.Release|Any CPU.Build.0 = Release|Any CPU
	EndGlobalSection
	GlobalSection(SolutionProperties) = preSolution
		HideSolutionNode = FALSE
	EndGlobalSection
	GlobalSection(ExtensibilityGlobals) = postSolution
		SolutionGuid = {B8ED3D7E-0C29-43A0-AAC4-40F4E09EA4D1}
	EndGlobalSection
EndGlobal
